#MicroXplorer Configuration settings - do not modify
ETH.ChecksumMode=ETH_CHECKSUM_BY_HARDWARE
ETH.IPParameters=MediaInterface,ChecksumMode,MACAddr,PhyAddress,PHY_Name_RMII,PHY_User_Name,PHY_RESET_DELAY,PHY_CONFIG_DELAY
ETH.MACAddr=00\:80\:E1\:00\:00\:10
ETH.MediaInterface=ETH_MEDIA_INTERFACE_RMII
ETH.PHY_CONFIG_DELAY=0x000000FF
ETH.PHY_Name_RMII=userPHY
ETH.PHY_RESET_DELAY=0x0000000F
ETH.PHY_User_Name=DP83848IVV
ETH.PhyAddress=1
FREERTOS.FootprintOK=true
FREERTOS.IPParameters=Tasks01,configTOTAL_HEAP_SIZE,FootprintOK
FREERTOS.Tasks01=defaultTask,0,128,StartDefaultTask,Default,NULL
FREERTOS.configTOTAL_HEAP_SIZE=16384
File.Version=6
KeepUserPlacement=false
LWIP.GATEWAY_ADDRESS=192.168.001.001
LWIP.IPParameters=LWIP_DHCP,IP_ADDRESS,NETMASK_ADDRESS,GATEWAY_ADDRESS,LWIP_NETIF_LINK_CALLBACK,LWIP_DBG_MIN_LEVEL
LWIP.IP_ADDRESS=192.168.001.180
LWIP.LWIP_DBG_MIN_LEVEL=LWIP_DBG_MASK_LEVEL
LWIP.LWIP_DHCP=0
LWIP.LWIP_NETIF_LINK_CALLBACK=1
LWIP.NETMASK_ADDRESS=255.255.255.000
LWIP.Version=v2.0.0_Cube
Mcu.Family=STM32F1
Mcu.IP0=ETH
Mcu.IP1=FREERTOS
Mcu.IP2=LWIP
Mcu.IP3=NVIC
Mcu.IP4=RCC
Mcu.IP5=SYS
Mcu.IP6=USB_DEVICE
Mcu.IP7=USB_OTG_FS
Mcu.IPNb=8
Mcu.Name=STM32F107V(B-C)Tx
Mcu.Package=LQFP100
Mcu.Pin0=OSC_IN
Mcu.Pin1=OSC_OUT
Mcu.Pin10=PB12
Mcu.Pin11=PB13
Mcu.Pin12=PD8
Mcu.Pin13=PD9
Mcu.Pin14=PD10
Mcu.Pin15=PA8
Mcu.Pin16=PA11
Mcu.Pin17=PA12
Mcu.Pin18=PA13
Mcu.Pin19=PA14
Mcu.Pin2=PC1
Mcu.Pin20=VP_FREERTOS_VS_ENABLE
Mcu.Pin21=VP_LWIP_VS_Enabled
Mcu.Pin22=VP_SYS_VS_tim1
Mcu.Pin23=VP_USB_DEVICE_VS_USB_DEVICE_CDC_FS
Mcu.Pin3=PA1
Mcu.Pin4=PA2
Mcu.Pin5=PE9
Mcu.Pin6=PE11
Mcu.Pin7=PE13
Mcu.Pin8=PE14
Mcu.Pin9=PB11
Mcu.PinsNb=24
Mcu.UserConstants=
Mcu.UserName=STM32F107VCTx
MxCube.Version=4.22.1
MxDb.Version=DB.4.0.221
NVIC.BusFault_IRQn=true\:0\:0\:false\:false\:true\:false\:true
NVIC.DebugMonitor_IRQn=true\:0\:0\:false\:false\:true\:false\:true
NVIC.ETH_IRQn=true\:5\:0\:false\:false\:true\:true\:false
NVIC.HardFault_IRQn=true\:0\:0\:false\:false\:true\:false\:true
NVIC.MemoryManagement_IRQn=true\:0\:0\:false\:false\:true\:false\:true
NVIC.NonMaskableInt_IRQn=true\:0\:0\:false\:false\:true\:false\:true
NVIC.OTG_FS_IRQn=true\:5\:0\:false\:false\:true\:true\:false
NVIC.PendSV_IRQn=true\:15\:0\:false\:false\:false\:true\:true
NVIC.PriorityGroup=NVIC_PRIORITYGROUP_4
NVIC.SVCall_IRQn=true\:0\:0\:false\:false\:false\:false\:true
NVIC.SysTick_IRQn=true\:15\:0\:false\:false\:true\:true\:true
NVIC.TIM1_UP_IRQn=true\:0\:0\:false\:false\:true\:false\:false
NVIC.TimeBase=TIM1_UP_IRQn
NVIC.TimeBaseIP=TIM1
NVIC.UsageFault_IRQn=true\:0\:0\:false\:false\:true\:false\:true
OSC_IN.Mode=HSE-External-Oscillator
OSC_IN.Signal=RCC_OSC_IN
OSC_OUT.Mode=HSE-External-Oscillator
OSC_OUT.Signal=RCC_OSC_OUT
PA1.Mode=RMII
PA1.Signal=ETH_REF_CLK
PA11.Mode=Device_Only
PA11.Signal=USB_OTG_FS_DM
PA12.Mode=Device_Only
PA12.Signal=USB_OTG_FS_DP
PA13.Mode=Serial_Wire
PA13.Signal=SYS_JTMS-SWDIO
PA14.Mode=Serial_Wire
PA14.Signal=SYS_JTCK-SWCLK
PA2.Mode=RMII
PA2.Signal=ETH_MDIO
PA8.GPIOParameters=GPIO_Speed
PA8.GPIO_Speed=GPIO_SPEED_FREQ_HIGH
PA8.Locked=true
PA8.Mode=Clock-out
PA8.Signal=RCC_MCO
PB11.Mode=RMII
PB11.Signal=ETH_TX_EN
PB12.Mode=RMII
PB12.Signal=ETH_TXD0
PB13.Mode=RMII
PB13.Signal=ETH_TXD1
PC1.Mode=RMII
PC1.Signal=ETH_MDC
PCC.Checker=false
PCC.Line=STM32F105/107
PCC.MCU=STM32F107V(B-C)Tx
PCC.PartNumber=STM32F107VCTx
PCC.Seq0=0
PCC.Series=STM32F1
PCC.Temperature=25
PCC.Vdd=3.3
PD10.Locked=true
PD10.Mode=RMII
PD10.Signal=ETH_RXD1
PD8.Locked=true
PD8.Mode=RMII
PD8.Signal=ETH_CRS_DV
PD9.Locked=true
PD9.Mode=RMII
PD9.Signal=ETH_RXD0
PE11.Locked=true
PE11.Signal=GPIO_Output
PE13.Locked=true
PE13.Signal=GPIO_Output
PE14.Locked=true
PE14.Signal=GPIO_Output
PE9.Locked=true
PE9.Signal=GPIO_Output
PinOutPanel.RotationAngle=0
ProjectManager.AskForMigrate=true
ProjectManager.BackupPrevious=false
ProjectManager.CompilerOptimize=2
ProjectManager.ComputerToolchain=false
ProjectManager.CoupleFile=true
ProjectManager.CustomerFirmwarePackage=/home/hawk/STM32Cube/Repository/STM32Cube_FW_F1_V1.6.0
ProjectManager.DefaultFWLocation=true
ProjectManager.DeletePrevious=true
ProjectManager.DeviceId=STM32F107VCTx
ProjectManager.FirmwarePackage=STM32Cube FW_F1 V1.6.0
ProjectManager.FreePins=false
ProjectManager.HalAssertFull=false
ProjectManager.HeapSize=0x200
ProjectManager.KeepUserCode=true
ProjectManager.LastFirmware=true
ProjectManager.LibraryCopy=0
ProjectManager.PreviousToolchain=
ProjectManager.ProjectBuild=false
ProjectManager.ProjectFileName=stm32f107vct6_base.ioc
ProjectManager.ProjectName=stm32f107vct6_base
ProjectManager.StackSize=0x400
ProjectManager.TargetToolchain=Makefile
ProjectManager.ToolChainLocation=
ProjectManager.UnderRoot=false
ProjectManager.functionlistsort=1-MX_GPIO_Init-GPIO-false-HAL,2-SystemClock_Config-RCC-false-HAL,3-MX_USB_DEVICE_Init-USB_DEVICE-false-HAL,4-MX_LWIP_Init-LWIP-false-HAL
RCC.ADCFreqValue=36000000
RCC.AHBFreq_Value=72000000
RCC.APB1CLKDivider=RCC_HCLK_DIV2
RCC.APB1Freq_Value=36000000
RCC.APB1TimFreq_Value=72000000
RCC.APB2Freq_Value=72000000
RCC.APB2TimFreq_Value=72000000
RCC.FCLKCortexFreq_Value=72000000
RCC.FamilyName=M
RCC.HCLKFreq_Value=72000000
RCC.HSEDivPLL=RCC_HSE_PREDIV_DIV5
RCC.HSE_VALUE=25000000
RCC.I2S2Freq_Value=72000000
RCC.I2S3Freq_Value=72000000
RCC.IPParameters=ADCFreqValue,AHBFreq_Value,APB1CLKDivider,APB1Freq_Value,APB1TimFreq_Value,APB2Freq_Value,APB2TimFreq_Value,FCLKCortexFreq_Value,FamilyName,HCLKFreq_Value,HSEDivPLL,HSE_VALUE,I2S2Freq_Value,I2S3Freq_Value,MCOFreq_Value,PLL2CLKoutputFreqValue,PLL2VCOoutputFreqValue,PLL3CLKoutputFreqValue,PLL3Mul,PLL3VCOoutputFreqValue,PLLCLKFreq_Value,PLLMUL,PLLSourceVirtual,Prediv1Source,Prediv2,Prediv2FreqValue,RCC_MCOSource,SYSCLKFreq_VALUE,SYSCLKSource,TimSysFreq_Value,USBFreq_Value,VCOOutput2Freq_Value
RCC.MCOFreq_Value=50000000
RCC.PLL2CLKoutputFreqValue=40000000
RCC.PLL2VCOoutputFreqValue=80000000
RCC.PLL3CLKoutputFreqValue=50000000
RCC.PLL3Mul=RCC_PLLI2S_MUL10
RCC.PLL3VCOoutputFreqValue=100000000
RCC.PLLCLKFreq_Value=72000000
RCC.PLLMUL=RCC_PLL_MUL9
RCC.PLLSourceVirtual=RCC_PLLSOURCE_HSE
RCC.Prediv1Source=RCC_PREDIV1_SOURCE_PLL2
RCC.Prediv2=RCC_HSE_PREDIV2_DIV5
RCC.Prediv2FreqValue=5000000
RCC.RCC_MCOSource=RCC_MCO1SOURCE_PLL3CLK
RCC.SYSCLKFreq_VALUE=72000000
RCC.SYSCLKSource=RCC_SYSCLKSOURCE_PLLCLK
RCC.TimSysFreq_Value=72000000
RCC.USBFreq_Value=48000000
RCC.VCOOutput2Freq_Value=8000000
USB_DEVICE.CLASS_NAME_FS=CDC
USB_DEVICE.IPParameters=VirtualMode,VirtualModeFS,CLASS_NAME_FS
USB_DEVICE.VirtualMode=Cdc
USB_DEVICE.VirtualModeFS=Cdc_FS
USB_OTG_FS.IPParameters=VirtualMode
USB_OTG_FS.VirtualMode=Device_Only
VP_FREERTOS_VS_ENABLE.Mode=Enabled
VP_FREERTOS_VS_ENABLE.Signal=FREERTOS_VS_ENABLE
VP_LWIP_VS_Enabled.Mode=Enabled
VP_LWIP_VS_Enabled.Signal=LWIP_VS_Enabled
VP_SYS_VS_tim1.Mode=TIM1
VP_SYS_VS_tim1.Signal=SYS_VS_tim1
VP_USB_DEVICE_VS_USB_DEVICE_CDC_FS.Mode=CDC_FS
VP_USB_DEVICE_VS_USB_DEVICE_CDC_FS.Signal=USB_DEVICE_VS_USB_DEVICE_CDC_FS
board=stm32f107vct6_base
